// !$*UTF8*$!
{
	archiveVersion = 1;
	classes = {
	};
	objectVersion = 56;
	objects = {

/* Begin PBXBuildFile section */
		2E1CD0F12EE048EE003B470E /* QuarterlyReflectionScreen.swift in Sources */ = {isa = PBXBuildFile; fileRef = 2E1CD0F02EE048D6003B470E /* QuarterlyReflectionScreen.swift */; };
		2E5A01552EE02C6B00E5A8CB /* Colors.swift in Sources */ = {isa = PBXBuildFile; fileRef = 2E5A01532EE02C6B00E5A8CB /* Colors.swift */; };
		2E5A01572EE0396800E5A8CB /* SaveButton.swift in Sources */ = {isa = PBXBuildFile; fileRef = 2E5A01562EE0395D00E5A8CB /* SaveButton.swift */; };
		2E7B672C2EE1755100EEF8B2 /* PatternsScreen.swift in Sources */ = {isa = PBXBuildFile; fileRef = 2E7B672B2EE1755100EEF8B2 /* PatternsScreen.swift */; };
		2E7B672E2EE1758000EEF8B2 /* HomeScreen.swift in Sources */ = {isa = PBXBuildFile; fileRef = 2E7B672D2EE1758000EEF8B2 /* HomeScreen.swift */; };
		2EAD3D462EDFE92F004929DF /* AppState.swift in Sources */ = {isa = PBXBuildFile; fileRef = 2EAD3D452EDFE92F004929DF /* AppState.swift */; };
		2EAD3D482EDFE93A004929DF /* ThreshApp.swift in Sources */ = {isa = PBXBuildFile; fileRef = 2EAD3D472EDFE93A004929DF /* ThreshApp.swift */; };
		2EAD3D4A2EDFEB74004929DF /* DevelopmentStage.swift in Sources */ = {isa = PBXBuildFile; fileRef = 2EAD3D492EDFEB66004929DF /* DevelopmentStage.swift */; };
		2EAD3D4C2EDFEC50004929DF /* ReflectionMode.swift in Sources */ = {isa = PBXBuildFile; fileRef = 2EAD3D4B2EDFEC42004929DF /* ReflectionMode.swift */; };
		2EAD3D4F2EDFF089004929DF /* EntryTypeBadge.swift in Sources */ = {isa = PBXBuildFile; fileRef = 2EAD3D4E2EDFF089004929DF /* EntryTypeBadge.swift */; };
		2EAD3D522EDFF22C004929DF /* Date+Extensions.swift in Sources */ = {isa = PBXBuildFile; fileRef = 2EAD3D502EDFF0C9004929DF /* Date+Extensions.swift */; };
		2EAD3D542EDFF438004929DF /* IdeaDetailScreen.swift in Sources */ = {isa = PBXBuildFile; fileRef = 2EAD3D532EDFF438004929DF /* IdeaDetailScreen.swift */; };
		2EAD3D562EDFF499004929DF /* StoryDetailScreen.swift in Sources */ = {isa = PBXBuildFile; fileRef = 2EAD3D552EDFF499004929DF /* StoryDetailScreen.swift */; };
		2EAD3D582EDFF697004929DF /* ContentView.swift in Sources */ = {isa = PBXBuildFile; fileRef = 2EAD3D572EDFF697004929DF /* ContentView.swift */; };
		A1000005238F5E0000000001 /* Assets.xcassets in Resources */ = {isa = PBXBuildFile; fileRef = A1000006238F5E0000000001 /* Assets.xcassets */; };
		A1000009238F5E0000000001 /* PromptLibrary.json in Resources */ = {isa = PBXBuildFile; fileRef = A100000A238F5E0000000001 /* PromptLibrary.json */; };
		A2000001238F5E0000000001 /* Reflection.swift in Sources */ = {isa = PBXBuildFile; fileRef = A2000002238F5E0000000001 /* Reflection.swift */; };
		A2000003238F5E0000000001 /* RevisionLayer.swift in Sources */ = {isa = PBXBuildFile; fileRef = A2000004238F5E0000000001 /* RevisionLayer.swift */; };
		A2000005238F5E0000000001 /* Connection.swift in Sources */ = {isa = PBXBuildFile; fileRef = A2000006238F5E0000000001 /* Connection.swift */; };
		A2000007238F5E0000000001 /* PromptLibrary.swift in Sources */ = {isa = PBXBuildFile; fileRef = A2000008238F5E0000000001 /* PromptLibrary.swift */; };
		A2000009238F5E0000000001 /* AIService.swift in Sources */ = {isa = PBXBuildFile; fileRef = A200000A238F5E0000000001 /* AIService.swift */; };
		A200000B238F5E0000000001 /* ModeIndicator.swift in Sources */ = {isa = PBXBuildFile; fileRef = A200000C238F5E0000000001 /* ModeIndicator.swift */; };
		A200000D238F5E0000000001 /* StepIndicator.swift in Sources */ = {isa = PBXBuildFile; fileRef = A200000E238F5E0000000001 /* StepIndicator.swift */; };
		A200000F238F5E0000000001 /* PromptView.swift in Sources */ = {isa = PBXBuildFile; fileRef = A2000010238F5E0000000001 /* PromptView.swift */; };
		A2000011238F5E0000000001 /* ConnectionSurfacerView.swift in Sources */ = {isa = PBXBuildFile; fileRef = A2000012238F5E0000000001 /* ConnectionSurfacerView.swift */; };
		A2000013238F5E0000000001 /* SynthesisGuideItem.swift in Sources */ = {isa = PBXBuildFile; fileRef = A2000014238F5E0000000001 /* SynthesisGuideItem.swift */; };
		A2000015238F5E0000000001 /* WeeklyReflectionScreen.swift in Sources */ = {isa = PBXBuildFile; fileRef = A2000016238F5E0000000001 /* WeeklyReflectionScreen.swift */; };
		A2000017238F5E0000000001 /* NewReflectionScreen.swift in Sources */ = {isa = PBXBuildFile; fileRef = A2000018238F5E0000000001 /* NewReflectionScreen.swift */; };
		B3000001238F5E0000000001 /* Question.swift in Sources */ = {isa = PBXBuildFile; fileRef = B3000002238F5E0000000001 /* Question.swift */; };
		B3000003238F5E0000000001 /* Story.swift in Sources */ = {isa = PBXBuildFile; fileRef = B3000004238F5E0000000001 /* Story.swift */; };
		B3000005238F5E0000000001 /* Idea.swift in Sources */ = {isa = PBXBuildFile; fileRef = B3000006238F5E0000000001 /* Idea.swift */; };
		B3000009238F5E0000000001 /* NewQuestionScreen.swift in Sources */ = {isa = PBXBuildFile; fileRef = B300000A238F5E0000000001 /* NewQuestionScreen.swift */; };
		B300000B238F5E0000000001 /* NewIdeaScreen.swift in Sources */ = {isa = PBXBuildFile; fileRef = B300000C238F5E0000000001 /* NewIdeaScreen.swift */; };
		B300000D238F5E0000000001 /* NewStoryScreen.swift in Sources */ = {isa = PBXBuildFile; fileRef = B300000E238F5E0000000001 /* NewStoryScreen.swift */; };
		B300000F238F5E0000000001 /* QuickCaptureScreen.swift in Sources */ = {isa = PBXBuildFile; fileRef = B3000010238F5E0000000001 /* QuickCaptureScreen.swift */; };
		B3000011238F5E0000000001 /* OnboardingScreen.swift in Sources */ = {isa = PBXBuildFile; fileRef = B3000012238F5E0000000001 /* OnboardingScreen.swift */; };
		B3000013238F5E0000000001 /* ArchiveScreen.swift in Sources */ = {isa = PBXBuildFile; fileRef = B3000014238F5E0000000001 /* ArchiveScreen.swift */; };
		B3000015238F5E0000000001 /* ReflectionDetailScreen.swift in Sources */ = {isa = PBXBuildFile; fileRef = B3000016238F5E0000000001 /* ReflectionDetailScreen.swift */; };
		B3000017238F5E0000000001 /* QuestionDetailScreen.swift in Sources */ = {isa = PBXBuildFile; fileRef = B3000018238F5E0000000001 /* QuestionDetailScreen.swift */; };
		B3000019238F5E0000000001 /* QuickActionButton.swift in Sources */ = {isa = PBXBuildFile; fileRef = B300001A238F5E0000000001 /* QuickActionButton.swift */; };
		B300001B238F5E0000000001 /* ReflectionRow.swift in Sources */ = {isa = PBXBuildFile; fileRef = B300001C238F5E0000000001 /* ReflectionRow.swift */; };
		B300001D238F5E0000000001 /* QuestionRow.swift in Sources */ = {isa = PBXBuildFile; fileRef = B300001E238F5E0000000001 /* QuestionRow.swift */; };
		B300001F238F5E0000000001 /* IdeaRow.swift in Sources */ = {isa = PBXBuildFile; fileRef = B3000020238F5E0000000001 /* IdeaRow.swift */; };
		B3000021238F5E0000000001 /* StoryRow.swift in Sources */ = {isa = PBXBuildFile; fileRef = B3000022238F5E0000000001 /* StoryRow.swift */; };
		B3000023238F5E0000000001 /* TabButton.swift in Sources */ = {isa = PBXBuildFile; fileRef = B3000024238F5E0000000001 /* TabButton.swift */; };
		B3000025238F5E0000000001 /* EmptyStateView.swift in Sources */ = {isa = PBXBuildFile; fileRef = B3000026238F5E0000000001 /* EmptyStateView.swift */; };
		B3000027238F5E0000000001 /* DesignNotesService.swift in Sources */ = {isa = PBXBuildFile; fileRef = B3000028238F5E0000000001 /* DesignNotesService.swift */; };
		C1000001238F5E0000000001 /* ExtractionReviewModal.swift in Sources */ = {isa = PBXBuildFile; fileRef = C1000002238F5E0000000001 /* ExtractionReviewModal.swift */; };
		D1000001238F5E0000000001 /* RecentlyDeletedScreen.swift in Sources */ = {isa = PBXBuildFile; fileRef = D1000002238F5E0000000001 /* RecentlyDeletedScreen.swift */; };
		E1000001238F5E0000000001 /* AboutScreen.swift in Sources */ = {isa = PBXBuildFile; fileRef = E1000002238F5E0000000001 /* AboutScreen.swift */; };
/* End PBXBuildFile section */

/* Begin PBXFileReference section */
		2E1CD0F02EE048D6003B470E /* QuarterlyReflectionScreen.swift */ = {isa = PBXFileReference; lastKnownFileType = sourcecode.swift; path = QuarterlyReflectionScreen.swift; sourceTree = "<group>"; };
		2E5A01532EE02C6B00E5A8CB /* Colors.swift */ = {isa = PBXFileReference; lastKnownFileType = sourcecode.swift; path = Colors.swift; sourceTree = "<group>"; };
		2E5A01562EE0395D00E5A8CB /* SaveButton.swift */ = {isa = PBXFileReference; lastKnownFileType = sourcecode.swift; path = SaveButton.swift; sourceTree = "<group>"; };
		2E7B672B2EE1755100EEF8B2 /* PatternsScreen.swift */ = {isa = PBXFileReference; lastKnownFileType = sourcecode.swift; path = PatternsScreen.swift; sourceTree = "<group>"; };
		2E7B672D2EE1758000EEF8B2 /* HomeScreen.swift */ = {isa = PBXFileReference; lastKnownFileType = sourcecode.swift; path = HomeScreen.swift; sourceTree = "<group>"; };
		2EAD3D452EDFE92F004929DF /* AppState.swift */ = {isa = PBXFileReference; lastKnownFileType = sourcecode.swift; name = AppState.swift; path = Thresh/Models/AppState.swift; sourceTree = SOURCE_ROOT; };
		2EAD3D472EDFE93A004929DF /* ThreshApp.swift */ = {isa = PBXFileReference; lastKnownFileType = sourcecode.swift; name = ThreshApp.swift; path = Thresh/ThreshApp.swift; sourceTree = SOURCE_ROOT; };
		2EAD3D492EDFEB66004929DF /* DevelopmentStage.swift */ = {isa = PBXFileReference; lastKnownFileType = sourcecode.swift; path = DevelopmentStage.swift; sourceTree = "<group>"; };
		2EAD3D4B2EDFEC42004929DF /* ReflectionMode.swift */ = {isa = PBXFileReference; lastKnownFileType = sourcecode.swift; path = ReflectionMode.swift; sourceTree = "<group>"; };
		2EAD3D4E2EDFF089004929DF /* EntryTypeBadge.swift */ = {isa = PBXFileReference; lastKnownFileType = sourcecode.swift; path = EntryTypeBadge.swift; sourceTree = "<group>"; };
		2EAD3D502EDFF0C9004929DF /* Date+Extensions.swift */ = {isa = PBXFileReference; lastKnownFileType = sourcecode.swift; path = "Date+Extensions.swift"; sourceTree = "<group>"; };
		2EAD3D532EDFF438004929DF /* IdeaDetailScreen.swift */ = {isa = PBXFileReference; lastKnownFileType = sourcecode.swift; path = IdeaDetailScreen.swift; sourceTree = "<group>"; };
		2EAD3D552EDFF499004929DF /* StoryDetailScreen.swift */ = {isa = PBXFileReference; lastKnownFileType = sourcecode.swift; path = StoryDetailScreen.swift; sourceTree = "<group>"; };
		2EAD3D572EDFF697004929DF /* ContentView.swift */ = {isa = PBXFileReference; lastKnownFileType = sourcecode.swift; name = ContentView.swift; path = Thresh/ContentView.swift; sourceTree = SOURCE_ROOT; };
		A1000006238F5E0000000001 /* Assets.xcassets */ = {isa = PBXFileReference; lastKnownFileType = folder.assetcatalog; path = Assets.xcassets; sourceTree = "<group>"; };
		A100000A238F5E0000000001 /* PromptLibrary.json */ = {isa = PBXFileReference; lastKnownFileType = text.json; path = PromptLibrary.json; sourceTree = "<group>"; };
		A100000B238F5E0000000001 /* Thresh.app */ = {isa = PBXFileReference; explicitFileType = wrapper.application; includeInIndex = 0; path = Thresh.app; sourceTree = BUILT_PRODUCTS_DIR; };
		A100000C238F5E0000000001 /* Info.plist */ = {isa = PBXFileReference; lastKnownFileType = text.plist.xml; path = Info.plist; sourceTree = "<group>"; };
		A100000D238F5E0000000001 /* Thresh.entitlements */ = {isa = PBXFileReference; lastKnownFileType = text.plist.entitlements; path = Thresh.entitlements; sourceTree = "<group>"; };
		A2000002238F5E0000000001 /* Reflection.swift */ = {isa = PBXFileReference; lastKnownFileType = sourcecode.swift; path = Reflection.swift; sourceTree = "<group>"; };
		A2000004238F5E0000000001 /* RevisionLayer.swift */ = {isa = PBXFileReference; lastKnownFileType = sourcecode.swift; path = RevisionLayer.swift; sourceTree = "<group>"; };
		A2000006238F5E0000000001 /* Connection.swift */ = {isa = PBXFileReference; lastKnownFileType = sourcecode.swift; path = Connection.swift; sourceTree = "<group>"; };
		A2000008238F5E0000000001 /* PromptLibrary.swift */ = {isa = PBXFileReference; lastKnownFileType = sourcecode.swift; path = PromptLibrary.swift; sourceTree = "<group>"; };
		A200000A238F5E0000000001 /* AIService.swift */ = {isa = PBXFileReference; lastKnownFileType = sourcecode.swift; path = AIService.swift; sourceTree = "<group>"; };
		A200000C238F5E0000000001 /* ModeIndicator.swift */ = {isa = PBXFileReference; lastKnownFileType = sourcecode.swift; path = ModeIndicator.swift; sourceTree = "<group>"; };
		A200000E238F5E0000000001 /* StepIndicator.swift */ = {isa = PBXFileReference; lastKnownFileType = sourcecode.swift; path = StepIndicator.swift; sourceTree = "<group>"; };
		A2000010238F5E0000000001 /* PromptView.swift */ = {isa = PBXFileReference; lastKnownFileType = sourcecode.swift; path = PromptView.swift; sourceTree = "<group>"; };
		A2000012238F5E0000000001 /* ConnectionSurfacerView.swift */ = {isa = PBXFileReference; lastKnownFileType = sourcecode.swift; path = ConnectionSurfacerView.swift; sourceTree = "<group>"; };
		A2000014238F5E0000000001 /* SynthesisGuideItem.swift */ = {isa = PBXFileReference; lastKnownFileType = sourcecode.swift; path = SynthesisGuideItem.swift; sourceTree = "<group>"; };
		A2000016238F5E0000000001 /* WeeklyReflectionScreen.swift */ = {isa = PBXFileReference; lastKnownFileType = sourcecode.swift; path = WeeklyReflectionScreen.swift; sourceTree = "<group>"; };
		A2000018238F5E0000000001 /* NewReflectionScreen.swift */ = {isa = PBXFileReference; lastKnownFileType = sourcecode.swift; path = NewReflectionScreen.swift; sourceTree = "<group>"; };
		B3000002238F5E0000000001 /* Question.swift */ = {isa = PBXFileReference; lastKnownFileType = sourcecode.swift; path = Question.swift; sourceTree = "<group>"; };
		B3000004238F5E0000000001 /* Story.swift */ = {isa = PBXFileReference; lastKnownFileType = sourcecode.swift; path = Story.swift; sourceTree = "<group>"; };
		B3000006238F5E0000000001 /* Idea.swift */ = {isa = PBXFileReference; lastKnownFileType = sourcecode.swift; path = Idea.swift; sourceTree = "<group>"; };
		B300000A238F5E0000000001 /* NewQuestionScreen.swift */ = {isa = PBXFileReference; lastKnownFileType = sourcecode.swift; path = NewQuestionScreen.swift; sourceTree = "<group>"; };
		B300000C238F5E0000000001 /* NewIdeaScreen.swift */ = {isa = PBXFileReference; lastKnownFileType = sourcecode.swift; path = NewIdeaScreen.swift; sourceTree = "<group>"; };
		B300000E238F5E0000000001 /* NewStoryScreen.swift */ = {isa = PBXFileReference; lastKnownFileType = sourcecode.swift; path = NewStoryScreen.swift; sourceTree = "<group>"; };
		B3000010238F5E0000000001 /* QuickCaptureScreen.swift */ = {isa = PBXFileReference; lastKnownFileType = sourcecode.swift; path = QuickCaptureScreen.swift; sourceTree = "<group>"; };
		B3000012238F5E0000000001 /* OnboardingScreen.swift */ = {isa = PBXFileReference; lastKnownFileType = sourcecode.swift; path = OnboardingScreen.swift; sourceTree = "<group>"; };
		B3000014238F5E0000000001 /* ArchiveScreen.swift */ = {isa = PBXFileReference; lastKnownFileType = sourcecode.swift; path = ArchiveScreen.swift; sourceTree = "<group>"; };
		B3000016238F5E0000000001 /* ReflectionDetailScreen.swift */ = {isa = PBXFileReference; lastKnownFileType = sourcecode.swift; path = ReflectionDetailScreen.swift; sourceTree = "<group>"; };
		B3000018238F5E0000000001 /* QuestionDetailScreen.swift */ = {isa = PBXFileReference; lastKnownFileType = sourcecode.swift; path = QuestionDetailScreen.swift; sourceTree = "<group>"; };
		B300001A238F5E0000000001 /* QuickActionButton.swift */ = {isa = PBXFileReference; lastKnownFileType = sourcecode.swift; path = QuickActionButton.swift; sourceTree = "<group>"; };
		B300001C238F5E0000000001 /* ReflectionRow.swift */ = {isa = PBXFileReference; lastKnownFileType = sourcecode.swift; path = ReflectionRow.swift; sourceTree = "<group>"; };
		B300001E238F5E0000000001 /* QuestionRow.swift */ = {isa = PBXFileReference; lastKnownFileType = sourcecode.swift; path = QuestionRow.swift; sourceTree = "<group>"; };
		B3000020238F5E0000000001 /* IdeaRow.swift */ = {isa = PBXFileReference; lastKnownFileType = sourcecode.swift; path = IdeaRow.swift; sourceTree = "<group>"; };
		B3000022238F5E0000000001 /* StoryRow.swift */ = {isa = PBXFileReference; lastKnownFileType = sourcecode.swift; path = StoryRow.swift; sourceTree = "<group>"; };
		B3000024238F5E0000000001 /* TabButton.swift */ = {isa = PBXFileReference; lastKnownFileType = sourcecode.swift; path = TabButton.swift; sourceTree = "<group>"; };
		B3000026238F5E0000000001 /* EmptyStateView.swift */ = {isa = PBXFileReference; lastKnownFileType = sourcecode.swift; path = EmptyStateView.swift; sourceTree = "<group>"; };
		B3000028238F5E0000000001 /* DesignNotesService.swift */ = {isa = PBXFileReference; lastKnownFileType = sourcecode.swift; path = DesignNotesService.swift; sourceTree = "<group>"; };
		C1000002238F5E0000000001 /* ExtractionReviewModal.swift */ = {isa = PBXFileReference; lastKnownFileType = sourcecode.swift; path = ExtractionReviewModal.swift; sourceTree = "<group>"; };
		D1000002238F5E0000000001 /* RecentlyDeletedScreen.swift */ = {isa = PBXFileReference; lastKnownFileType = sourcecode.swift; path = RecentlyDeletedScreen.swift; sourceTree = "<group>"; };
		E1000002238F5E0000000001 /* AboutScreen.swift */ = {isa = PBXFileReference; lastKnownFileType = sourcecode.swift; path = AboutScreen.swift; sourceTree = "<group>"; };
/* End PBXFileReference section */

/* Begin PBXFrameworksBuildPhase section */
		A1000010238F5E0000000001 /* Frameworks */ = {
			isa = PBXFrameworksBuildPhase;
			buildActionMask = 2147483647;
			files = (
			);
			runOnlyForDeploymentPostprocessing = 0;
		};
/* End PBXFrameworksBuildPhase section */

/* Begin PBXGroup section */
		2E5A01542EE02C6B00E5A8CB /* Design */ = {
			isa = PBXGroup;
			children = (
				2E5A01532EE02C6B00E5A8CB /* Colors.swift */,
			);
			path = Design;
			sourceTree = "<group>";
		};
		2EAD3D512EDFF0C9004929DF /* Extensions */ = {
			isa = PBXGroup;
			children = (
				2EAD3D502EDFF0C9004929DF /* Date+Extensions.swift */,
			);
			path = Extensions;
			sourceTree = "<group>";
		};
		A1000020238F5E0000000001 = {
			isa = PBXGroup;
			children = (
				A1000021238F5E0000000001 /* Thresh */,
				A1000022238F5E0000000001 /* Products */,
			);
			sourceTree = "<group>";
		};
		A1000021238F5E0000000001 /* Thresh */ = {
			isa = PBXGroup;
			children = (
				A1000023238F5E0000000001 /* App */,
				A1000024238F5E0000000001 /* Models */,
				A1000025238F5E0000000001 /* Views */,
				A1000026238F5E0000000001 /* ViewModels */,
				A1000027238F5E0000000001 /* Services */,
				A1000028238F5E0000000001 /* Utilities */,
				A1000029238F5E0000000001 /* Resources */,
				A100000C238F5E0000000001 /* Info.plist */,
				A100000D238F5E0000000001 /* Thresh.entitlements */,
				2EAD3D512EDFF0C9004929DF /* Extensions */,
				2E5A01542EE02C6B00E5A8CB /* Design */,
			);
			path = Thresh;
			sourceTree = "<group>";
		};
		A1000022238F5E0000000001 /* Products */ = {
			isa = PBXGroup;
			children = (
				A100000B238F5E0000000001 /* Thresh.app */,
			);
			name = Products;
			sourceTree = "<group>";
		};
		A1000023238F5E0000000001 /* App */ = {
			isa = PBXGroup;
			children = (
				2EAD3D452EDFE92F004929DF /* AppState.swift */,
				2EAD3D572EDFF697004929DF /* ContentView.swift */,
				2EAD3D472EDFE93A004929DF /* ThreshApp.swift */,
			);
			path = App;
			sourceTree = "<group>";
		};
		A1000024238F5E0000000001 /* Models */ = {
			isa = PBXGroup;
			children = (
				2EAD3D4B2EDFEC42004929DF /* ReflectionMode.swift */,
				2EAD3D492EDFEB66004929DF /* DevelopmentStage.swift */,
				A2000002238F5E0000000001 /* Reflection.swift */,
				A2000004238F5E0000000001 /* RevisionLayer.swift */,
				A2000006238F5E0000000001 /* Connection.swift */,
				B3000002238F5E0000000001 /* Question.swift */,
				B3000004238F5E0000000001 /* Story.swift */,
				B3000006238F5E0000000001 /* Idea.swift */,
			);
			path = Models;
			sourceTree = "<group>";
		};
		A1000025238F5E0000000001 /* Views */ = {
			isa = PBXGroup;
			children = (
				A100002A238F5E0000000001 /* Screens */,
				A100002B238F5E0000000001 /* Components */,
				A100002C238F5E0000000001 /* DesignNotes */,
				A100002D238F5E0000000001 /* Styles */,
			);
			path = Views;
			sourceTree = "<group>";
		};
		A1000026238F5E0000000001 /* ViewModels */ = {
			isa = PBXGroup;
			children = (
			);
			path = ViewModels;
			sourceTree = "<group>";
		};
		A1000027238F5E0000000001 /* Services */ = {
			isa = PBXGroup;
			children = (
				A100002E238F5E0000000001 /* AI */,
				A100002F238F5E0000000001 /* Prompts */,
				A1000030238F5E0000000001 /* Storage */,
			);
			path = Services;
			sourceTree = "<group>";
		};
		A1000028238F5E0000000001 /* Utilities */ = {
			isa = PBXGroup;
			children = (
			);
			path = Utilities;
			sourceTree = "<group>";
		};
		A1000029238F5E0000000001 /* Resources */ = {
			isa = PBXGroup;
			children = (
				A1000006238F5E0000000001 /* Assets.xcassets */,
				A100000A238F5E0000000001 /* PromptLibrary.json */,
			);
			path = Resources;
			sourceTree = "<group>";
		};
		A100002A238F5E0000000001 /* Screens */ = {
			isa = PBXGroup;
			children = (
				E1000002238F5E0000000001 /* AboutScreen.swift */,
				2E1CD0F02EE048D6003B470E /* QuarterlyReflectionScreen.swift */,
				A2000016238F5E0000000001 /* WeeklyReflectionScreen.swift */,
				A2000018238F5E0000000001 /* NewReflectionScreen.swift */,
				B300000A238F5E0000000001 /* NewQuestionScreen.swift */,
				2E7B672B2EE1755100EEF8B2 /* PatternsScreen.swift */,
				B300000C238F5E0000000001 /* NewIdeaScreen.swift */,
				2E7B672D2EE1758000EEF8B2 /* HomeScreen.swift */,
				B300000E238F5E0000000001 /* NewStoryScreen.swift */,
				B3000010238F5E0000000001 /* QuickCaptureScreen.swift */,
				B3000012238F5E0000000001 /* OnboardingScreen.swift */,
				B3000014238F5E0000000001 /* ArchiveScreen.swift */,
				D1000002238F5E0000000001 /* RecentlyDeletedScreen.swift */,
				B3000016238F5E0000000001 /* ReflectionDetailScreen.swift */,
				B3000018238F5E0000000001 /* QuestionDetailScreen.swift */,
				2EAD3D532EDFF438004929DF /* IdeaDetailScreen.swift */,
				2EAD3D552EDFF499004929DF /* StoryDetailScreen.swift */,
			);
			path = Screens;
			sourceTree = "<group>";
		};
		A100002B238F5E0000000001 /* Components */ = {
			isa = PBXGroup;
			children = (
				2E5A01562EE0395D00E5A8CB /* SaveButton.swift */,
				A200000C238F5E0000000001 /* ModeIndicator.swift */,
				A200000E238F5E0000000001 /* StepIndicator.swift */,
				A2000010238F5E0000000001 /* PromptView.swift */,
				A2000012238F5E0000000001 /* ConnectionSurfacerView.swift */,
				A2000014238F5E0000000001 /* SynthesisGuideItem.swift */,
				B300001A238F5E0000000001 /* QuickActionButton.swift */,
				B300001C238F5E0000000001 /* ReflectionRow.swift */,
				B300001E238F5E0000000001 /* QuestionRow.swift */,
				B3000020238F5E0000000001 /* IdeaRow.swift */,
				B3000022238F5E0000000001 /* StoryRow.swift */,
				B3000024238F5E0000000001 /* TabButton.swift */,
				B3000026238F5E0000000001 /* EmptyStateView.swift */,
				2EAD3D4E2EDFF089004929DF /* EntryTypeBadge.swift */,
				C1000002238F5E0000000001 /* ExtractionReviewModal.swift */,
			);
			path = Components;
			sourceTree = "<group>";
		};
		A100002C238F5E0000000001 /* DesignNotes */ = {
			isa = PBXGroup;
			children = (
			);
			path = DesignNotes;
			sourceTree = "<group>";
		};
		A100002D238F5E0000000001 /* Styles */ = {
			isa = PBXGroup;
			children = (
			);
			path = Styles;
			sourceTree = "<group>";
		};
		A100002E238F5E0000000001 /* AI */ = {
			isa = PBXGroup;
			children = (
				A200000A238F5E0000000001 /* AIService.swift */,
			);
			path = AI;
			sourceTree = "<group>";
		};
		A100002F238F5E0000000001 /* Prompts */ = {
			isa = PBXGroup;
			children = (
				A2000008238F5E0000000001 /* PromptLibrary.swift */,
			);
			path = Prompts;
			sourceTree = "<group>";
		};
		A1000030238F5E0000000001 /* Storage */ = {
			isa = PBXGroup;
			children = (
				B3000028238F5E0000000001 /* DesignNotesService.swift */,
			);
			path = Storage;
			sourceTree = "<group>";
		};
/* End PBXGroup section */

/* Begin PBXNativeTarget section */
		A1000040238F5E0000000001 /* Thresh */ = {
			isa = PBXNativeTarget;
			buildConfigurationList = A1000041238F5E0000000001 /* Build configuration list for PBXNativeTarget "Thresh" */;
			buildPhases = (
				A1000042238F5E0000000001 /* Sources */,
				A1000010238F5E0000000001 /* Frameworks */,
				A1000043238F5E0000000001 /* Resources */,
			);
			buildRules = (
			);
			dependencies = (
			);
			name = Thresh;
			productName = Thresh;
			productReference = A100000B238F5E0000000001 /* Thresh.app */;
			productType = "com.apple.product-type.application";
		};
/* End PBXNativeTarget section */

/* Begin PBXProject section */
		A1000050238F5E0000000001 /* Project object */ = {
			isa = PBXProject;
			attributes = {
				BuildIndependentTargetsInParallel = 1;
				LastSwiftUpdateCheck = 1500;
				LastUpgradeCheck = 2610;
				TargetAttributes = {
					A1000040238F5E0000000001 = {
						CreatedOnToolsVersion = 15.0;
					};
				};
			};
			buildConfigurationList = A1000051238F5E0000000001 /* Build configuration list for PBXProject "Thresh" */;
			compatibilityVersion = "Xcode 14.0";
			developmentRegion = en;
			hasScannedForEncodings = 0;
			knownRegions = (
				en,
				Base,
			);
			mainGroup = A1000020238F5E0000000001;
			productRefGroup = A1000022238F5E0000000001 /* Products */;
			projectDirPath = "";
			projectRoot = "";
			targets = (
				A1000040238F5E0000000001 /* Thresh */,
			);
		};
/* End PBXProject section */

/* Begin PBXResourcesBuildPhase section */
		A1000043238F5E0000000001 /* Resources */ = {
			isa = PBXResourcesBuildPhase;
			buildActionMask = 2147483647;
			files = (
				A1000005238F5E0000000001 /* Assets.xcassets in Resources */,
				A1000009238F5E0000000001 /* PromptLibrary.json in Resources */,
			);
			runOnlyForDeploymentPostprocessing = 0;
		};
/* End PBXResourcesBuildPhase section */

/* Begin PBXSourcesBuildPhase section */
		A1000042238F5E0000000001 /* Sources */ = {
			isa = PBXSourcesBuildPhase;
			buildActionMask = 2147483647;
			files = (
				A2000001238F5E0000000001 /* Reflection.swift in Sources */,
				2EAD3D582EDFF697004929DF /* ContentView.swift in Sources */,
				A2000003238F5E0000000001 /* RevisionLayer.swift in Sources */,
				A2000005238F5E0000000001 /* Connection.swift in Sources */,
				B3000001238F5E0000000001 /* Question.swift in Sources */,
				B3000003238F5E0000000001 /* Story.swift in Sources */,
				B3000005238F5E0000000001 /* Idea.swift in Sources */,
				A2000007238F5E0000000001 /* PromptLibrary.swift in Sources */,
				A2000009238F5E0000000001 /* AIService.swift in Sources */,
				B3000027238F5E0000000001 /* DesignNotesService.swift in Sources */,
				A200000B238F5E0000000001 /* ModeIndicator.swift in Sources */,
				A200000D238F5E0000000001 /* StepIndicator.swift in Sources */,
				2EAD3D4A2EDFEB74004929DF /* DevelopmentStage.swift in Sources */,
				2EAD3D482EDFE93A004929DF /* ThreshApp.swift in Sources */,
				A200000F238F5E0000000001 /* PromptView.swift in Sources */,
				2EAD3D4C2EDFEC50004929DF /* ReflectionMode.swift in Sources */,
				A2000011238F5E0000000001 /* ConnectionSurfacerView.swift in Sources */,
				A2000013238F5E0000000001 /* SynthesisGuideItem.swift in Sources */,
				B3000019238F5E0000000001 /* QuickActionButton.swift in Sources */,
				B300001B238F5E0000000001 /* ReflectionRow.swift in Sources */,
				B300001D238F5E0000000001 /* QuestionRow.swift in Sources */,
				B300001F238F5E0000000001 /* IdeaRow.swift in Sources */,
				B3000021238F5E0000000001 /* StoryRow.swift in Sources */,
				B3000023238F5E0000000001 /* TabButton.swift in Sources */,
				2EAD3D4F2EDFF089004929DF /* EntryTypeBadge.swift in Sources */,
				B3000025238F5E0000000001 /* EmptyStateView.swift in Sources */,
				2EAD3D462EDFE92F004929DF /* AppState.swift in Sources */,
				A2000015238F5E0000000001 /* WeeklyReflectionScreen.swift in Sources */,
				2EAD3D522EDFF22C004929DF /* Date+Extensions.swift in Sources */,
				2E5A01552EE02C6B00E5A8CB /* Colors.swift in Sources */,
				A2000017238F5E0000000001 /* NewReflectionScreen.swift in Sources */,
				2EAD3D542EDFF438004929DF /* IdeaDetailScreen.swift in Sources */,
				2EAD3D562EDFF499004929DF /* StoryDetailScreen.swift in Sources */,
				B3000009238F5E0000000001 /* NewQuestionScreen.swift in Sources */,
				B300000B238F5E0000000001 /* NewIdeaScreen.swift in Sources */,
				B300000D238F5E0000000001 /* NewStoryScreen.swift in Sources */,
				B300000F238F5E0000000001 /* QuickCaptureScreen.swift in Sources */,
				2E1CD0F12EE048EE003B470E /* QuarterlyReflectionScreen.swift in Sources */,
				B3000011238F5E0000000001 /* OnboardingScreen.swift in Sources */,
				2E5A01572EE0396800E5A8CB /* SaveButton.swift in Sources */,
				B3000013238F5E0000000001 /* ArchiveScreen.swift in Sources */,
				D1000001238F5E0000000001 /* RecentlyDeletedScreen.swift in Sources */,
				2E7B672E2EE1758000EEF8B2 /* HomeScreen.swift in Sources */,
				B3000015238F5E0000000001 /* ReflectionDetailScreen.swift in Sources */,
				B3000017238F5E0000000001 /* QuestionDetailScreen.swift in Sources */,
				2E7B672C2EE1755100EEF8B2 /* PatternsScreen.swift in Sources */,
				C1000001238F5E0000000001 /* ExtractionReviewModal.swift in Sources */,
				E1000001238F5E0000000001 /* AboutScreen.swift in Sources */,
			);
			runOnlyForDeploymentPostprocessing = 0;
		};
/* End PBXSourcesBuildPhase section */

/* Begin XCBuildConfiguration section */
		A1000060238F5E0000000001 /* Debug */ = {
			isa = XCBuildConfiguration;
			buildSettings = {
				ALWAYS_SEARCH_USER_PATHS = NO;
				ASSETCATALOG_COMPILER_GENERATE_SWIFT_ASSET_SYMBOL_EXTENSIONS = YES;
				CLANG_ANALYZER_NONNULL = YES;
				CLANG_ANALYZER_NUMBER_OBJECT_CONVERSION = YES_AGGRESSIVE;
				CLANG_CXX_LANGUAGE_STANDARD = "gnu++20";
				CLANG_ENABLE_MODULES = YES;
				CLANG_ENABLE_OBJC_ARC = YES;
				CLANG_ENABLE_OBJC_WEAK = YES;
				CLANG_WARN_BLOCK_CAPTURE_AUTORELEASING = YES;
				CLANG_WARN_BOOL_CONVERSION = YES;
				CLANG_WARN_COMMA = YES;
				CLANG_WARN_CONSTANT_CONVERSION = YES;
				CLANG_WARN_DEPRECATED_OBJC_IMPLEMENTATIONS = YES;
				CLANG_WARN_DIRECT_OBJC_ISA_USAGE = YES_ERROR;
				CLANG_WARN_DOCUMENTATION_COMMENTS = YES;
				CLANG_WARN_EMPTY_BODY = YES;
				CLANG_WARN_ENUM_CONVERSION = YES;
				CLANG_WARN_INFINITE_RECURSION = YES;
				CLANG_WARN_INT_CONVERSION = YES;
				CLANG_WARN_NON_LITERAL_NULL_CONVERSION = YES;
				CLANG_WARN_OBJC_IMPLICIT_RETAIN_SELF = YES;
				CLANG_WARN_OBJC_LITERAL_CONVERSION = YES;
				CLANG_WARN_OBJC_ROOT_CLASS = YES_ERROR;
				CLANG_WARN_QUOTED_INCLUDE_IN_FRAMEWORK_HEADER = YES;
				CLANG_WARN_RANGE_LOOP_ANALYSIS = YES;
				CLANG_WARN_STRICT_PROTOTYPES = YES;
				CLANG_WARN_SUSPICIOUS_MOVE = YES;
				CLANG_WARN_UNGUARDED_AVAILABILITY = YES_AGGRESSIVE;
				CLANG_WARN_UNREACHABLE_CODE = YES;
				CLANG_WARN__DUPLICATE_METHOD_MATCH = YES;
				COPY_PHASE_STRIP = NO;
				DEBUG_INFORMATION_FORMAT = dwarf;
				DEVELOPMENT_TEAM = Q5GHW4DYN9;
				ENABLE_STRICT_OBJC_MSGSEND = YES;
				ENABLE_TESTABILITY = YES;
				ENABLE_USER_SCRIPT_SANDBOXING = YES;
				GCC_C_LANGUAGE_STANDARD = gnu17;
				GCC_DYNAMIC_NO_PIC = NO;
				GCC_NO_COMMON_BLOCKS = YES;
				GCC_OPTIMIZATION_LEVEL = 0;
				GCC_PREPROCESSOR_DEFINITIONS = (
					"DEBUG=1",
					"$(inherited)",
				);
				GCC_WARN_64_TO_32_BIT_CONVERSION = YES;
				GCC_WARN_ABOUT_RETURN_TYPE = YES_ERROR;
				GCC_WARN_UNDECLARED_SELECTOR = YES;
				GCC_WARN_UNINITIALIZED_AUTOS = YES_AGGRESSIVE;
				GCC_WARN_UNUSED_FUNCTION = YES;
				GCC_WARN_UNUSED_VARIABLE = YES;
				IPHONEOS_DEPLOYMENT_TARGET = 17.0;
				LOCALIZATION_PREFERS_STRING_CATALOGS = YES;
				MTL_ENABLE_DEBUG_INFO = INCLUDE_SOURCE;
				MTL_FAST_MATH = YES;
				ONLY_ACTIVE_ARCH = YES;
				SDKROOT = iphoneos;
				STRING_CATALOG_GENERATE_SYMBOLS = YES;
				SWIFT_ACTIVE_COMPILATION_CONDITIONS = "DEBUG $(inherited)";
				SWIFT_OPTIMIZATION_LEVEL = "-Onone";
				SWIFT_STRICT_CONCURRENCY = complete;
			};
			name = Debug;
		};
		A1000061238F5E0000000001 /* Release */ = {
			isa = XCBuildConfiguration;
			buildSettings = {
				ALWAYS_SEARCH_USER_PATHS = NO;
				ASSETCATALOG_COMPILER_GENERATE_SWIFT_ASSET_SYMBOL_EXTENSIONS = YES;
				CLANG_ANALYZER_NONNULL = YES;
				CLANG_ANALYZER_NUMBER_OBJECT_CONVERSION = YES_AGGRESSIVE;
				CLANG_CXX_LANGUAGE_STANDARD = "gnu++20";
				CLANG_ENABLE_MODULES = YES;
				CLANG_ENABLE_OBJC_ARC = YES;
				CLANG_ENABLE_OBJC_WEAK = YES;
				CLANG_WARN_BLOCK_CAPTURE_AUTORELEASING = YES;
				CLANG_WARN_BOOL_CONVERSION = YES;
				CLANG_WARN_COMMA = YES;
				CLANG_WARN_CONSTANT_CONVERSION = YES;
				CLANG_WARN_DEPRECATED_OBJC_IMPLEMENTATIONS = YES;
				CLANG_WARN_DIRECT_OBJC_ISA_USAGE = YES_ERROR;
				CLANG_WARN_DOCUMENTATION_COMMENTS = YES;
				CLANG_WARN_EMPTY_BODY = YES;
				CLANG_WARN_ENUM_CONVERSION = YES;
				CLANG_WARN_INFINITE_RECURSION = YES;
				CLANG_WARN_INT_CONVERSION = YES;
				CLANG_WARN_NON_LITERAL_NULL_CONVERSION = YES;
				CLANG_WARN_OBJC_IMPLICIT_RETAIN_SELF = YES;
				CLANG_WARN_OBJC_LITERAL_CONVERSION = YES;
				CLANG_WARN_OBJC_ROOT_CLASS = YES_ERROR;
				CLANG_WARN_QUOTED_INCLUDE_IN_FRAMEWORK_HEADER = YES;
				CLANG_WARN_RANGE_LOOP_ANALYSIS = YES;
				CLANG_WARN_STRICT_PROTOTYPES = YES;
				CLANG_WARN_SUSPICIOUS_MOVE = YES;
				CLANG_WARN_UNGUARDED_AVAILABILITY = YES_AGGRESSIVE;
				CLANG_WARN_UNREACHABLE_CODE = YES;
				CLANG_WARN__DUPLICATE_METHOD_MATCH = YES;
				COPY_PHASE_STRIP = NO;
				DEBUG_INFORMATION_FORMAT = "dwarf-with-dsym";
				DEVELOPMENT_TEAM = Q5GHW4DYN9;
				ENABLE_NS_ASSERTIONS = NO;
				ENABLE_STRICT_OBJC_MSGSEND = YES;
				ENABLE_USER_SCRIPT_SANDBOXING = YES;
				GCC_C_LANGUAGE_STANDARD = gnu17;
				GCC_NO_COMMON_BLOCKS = YES;
				GCC_WARN_64_TO_32_BIT_CONVERSION = YES;
				GCC_WARN_ABOUT_RETURN_TYPE = YES_ERROR;
				GCC_WARN_UNDECLARED_SELECTOR = YES;
				GCC_WARN_UNINITIALIZED_AUTOS = YES_AGGRESSIVE;
				GCC_WARN_UNUSED_FUNCTION = YES;
				GCC_WARN_UNUSED_VARIABLE = YES;
				IPHONEOS_DEPLOYMENT_TARGET = 17.0;
				LOCALIZATION_PREFERS_STRING_CATALOGS = YES;
				MTL_ENABLE_DEBUG_INFO = NO;
				MTL_FAST_MATH = YES;
				SDKROOT = iphoneos;
				STRING_CATALOG_GENERATE_SYMBOLS = YES;
				SWIFT_COMPILATION_MODE = wholemodule;
				SWIFT_STRICT_CONCURRENCY = complete;
				VALIDATE_PRODUCT = YES;
			};
			name = Release;
		};
		A1000062238F5E0000000001 /* Debug */ = {
			isa = XCBuildConfiguration;
			buildSettings = {
				ASSETCATALOG_COMPILER_APPICON_NAME = AppIcon;
				ASSETCATALOG_COMPILER_GLOBAL_ACCENT_COLOR_NAME = AccentColor;
				CODE_SIGN_ENTITLEMENTS = Thresh/Thresh.entitlements;
				CODE_SIGN_STYLE = Automatic;
				CURRENT_PROJECT_VERSION = 1;
				DEVELOPMENT_TEAM = 4KNT4UJ5H8;
				ENABLE_PREVIEWS = YES;
				GENERATE_INFOPLIST_FILE = YES;
				INFOPLIST_FILE = Thresh/Info.plist;
				INFOPLIST_KEY_CFBundleDisplayName = Thresh;
				INFOPLIST_KEY_LSApplicationCategoryType = "public.app-category.productivity";
				INFOPLIST_KEY_UIApplicationSceneManifest_Generation = YES;
				INFOPLIST_KEY_UIApplicationSupportsIndirectInputEvents = YES;
				INFOPLIST_KEY_UILaunchScreen_Generation = YES;
				INFOPLIST_KEY_UISupportedInterfaceOrientations_iPad = "UIInterfaceOrientationPortrait UIInterfaceOrientationPortraitUpsideDown UIInterfaceOrientationLandscapeLeft UIInterfaceOrientationLandscapeRight";
				INFOPLIST_KEY_UISupportedInterfaceOrientations_iPhone = "UIInterfaceOrientationPortrait UIInterfaceOrientationLandscapeLeft UIInterfaceOrientationLandscapeRight";
				LD_RUNPATH_SEARCH_PATHS = (
					"$(inherited)",
					"@executable_path/Frameworks",
				);
				MARKETING_VERSION = 1.0;
				PRODUCT_BUNDLE_IDENTIFIER = continuitylabs.com.thresh;
				PRODUCT_NAME = "$(TARGET_NAME)";
				SWIFT_EMIT_LOC_STRINGS = YES;
				SWIFT_VERSION = 5.0;
				TARGETED_DEVICE_FAMILY = "1,2";
			};
			name = Debug;
		};
		A1000063238F5E0000000001 /* Release */ = {
			isa = XCBuildConfiguration;
			buildSettings = {
				ASSETCATALOG_COMPILER_APPICON_NAME = AppIcon;
				ASSETCATALOG_COMPILER_GLOBAL_ACCENT_COLOR_NAME = AccentColor;
				CODE_SIGN_ENTITLEMENTS = Thresh/Thresh.entitlements;
				CODE_SIGN_STYLE = Automatic;
				CURRENT_PROJECT_VERSION = 1;
				DEVELOPMENT_TEAM = 4KNT4UJ5H8;
				ENABLE_PREVIEWS = YES;
				GENERATE_INFOPLIST_FILE = YES;
				INFOPLIST_FILE = Thresh/Info.plist;
				INFOPLIST_KEY_CFBundleDisplayName = Thresh;
				INFOPLIST_KEY_LSApplicationCategoryType = "public.app-category.productivity";
				INFOPLIST_KEY_UIApplicationSceneManifest_Generation = YES;
				INFOPLIST_KEY_UIApplicationSupportsIndirectInputEvents = YES;
				INFOPLIST_KEY_UILaunchScreen_Generation = YES;
				INFOPLIST_KEY_UISupportedInterfaceOrientations_iPad = "UIInterfaceOrientationPortrait UIInterfaceOrientationPortraitUpsideDown UIInterfaceOrientationLandscapeLeft UIInterfaceOrientationLandscapeRight";
				INFOPLIST_KEY_UISupportedInterfaceOrientations_iPhone = "UIInterfaceOrientationPortrait UIInterfaceOrientationLandscapeLeft UIInterfaceOrientationLandscapeRight";
				LD_RUNPATH_SEARCH_PATHS = (
					"$(inherited)",
					"@executable_path/Frameworks",
				);
				MARKETING_VERSION = 1.0;
				PRODUCT_BUNDLE_IDENTIFIER = continuitylabs.com.thresh;
				PRODUCT_NAME = "$(TARGET_NAME)";
				SWIFT_EMIT_LOC_STRINGS = YES;
				SWIFT_VERSION = 5.0;
				TARGETED_DEVICE_FAMILY = "1,2";
			};
			name = Release;
		};
/* End XCBuildConfiguration section */

/* Begin XCConfigurationList section */
		A1000041238F5E0000000001 /* Build configuration list for PBXNativeTarget "Thresh" */ = {
			isa = XCConfigurationList;
			buildConfigurations = (
				A1000062238F5E0000000001 /* Debug */,
				A1000063238F5E0000000001 /* Release */,
			);
			defaultConfigurationIsVisible = 0;
			defaultConfigurationName = Release;
		};
		A1000051238F5E0000000001 /* Build configuration list for PBXProject "Thresh" */ = {
			isa = XCConfigurationList;
			buildConfigurations = (
				A1000060238F5E0000000001 /* Debug */,
				A1000061238F5E0000000001 /* Release */,
			);
			defaultConfigurationIsVisible = 0;
			defaultConfigurationName = Release;
		};
/* End XCConfigurationList section */
	};
	rootObject = A1000050238F5E0000000001 /* Project object */;
}
